
Microsoft Visual Studio Solution File, Format Version 12.00
# Visual Studio Version 16
VisualStudioVersion = 16.0.29613.14
MinimumVisualStudioVersion = 10.0.40219.1
Project("{9A19103F-16F7-4668-BE54-9A1E7A4F7556}") = "Paymongo", "Paymongo\Paymongo.csproj", "{677D4ACD-A0A3-4986-8618-23A495048696}"
EndProject
Project("{FAE04EC0-301F-11D3-BF4B-00C04F79EFBC}") = "Paymongo.Tests", "Paymongo.Tests\Paymongo.Tests.csproj", "{A613BBF9-D334-4970-B20C-CE4416E43C63}"
EndProject
Global
	GlobalSection(SolutionConfigurationPlatforms) = preSolution
		Debug|Any CPU = Debug|Any CPU
		Release|Any CPU = Release|Any CPU
	EndGlobalSection
	GlobalSection(ProjectConfigurationPlatforms) = postSolution
		{677D4ACD-A0A3-4986-8618-23A495048696}.Debug|Any CPU.ActiveCfg = Debug|Any CPU
		{677D4ACD-A0A3-4986-8618-23A495048696}.Debug|Any CPU.Build.0 = Debug|Any CPU
		{677D4ACD-A0A3-4986-8618-23A495048696}.Release|Any CPU.ActiveCfg = Release|Any CPU
		{677D4ACD-A0A3-4986-8618-23A495048696}.Release|Any CPU.Build.0 = Release|Any CPU
		{A613BBF9-D334-4970-B20C-CE4416E43C63}.Debug|Any CPU.ActiveCfg = Debug|Any CPU
		{A613BBF9-D334-4970-B20C-CE4416E43C63}.Debug|Any CPU.Build.0 = Debug|Any CPU
		{A613BBF9-D334-4970-B20C-CE4416E43C63}.Release|Any CPU.ActiveCfg = Release|Any CPU
		{A613BBF9-D334-4970-B20C-CE4416E43C63}.Release|Any CPU.Build.0 = Release|Any CPU
	EndGlobalSection
	GlobalSection(SolutionProperties) = preSolution
		HideSolutionNode = FALSE
	EndGlobalSection
	GlobalSection(ExtensibilityGlobals) = postSolution
		SolutionGuid = {C2396184-D25B-49EE-8531-0E2CC3EB8532}
	EndGlobalSection
EndGlobal
